
Microsoft Visual Studio Solution File, Format Version 12.00
# Visual Studio Version 17
VisualStudioVersion = 17.14.36327.8 d17.14
MinimumVisualStudioVersion = 10.0.40219.1
Project("{FAE04EC0-301F-11D3-BF4B-00C04F79EFBC}") = "RPA_DM_TT", "RPA_DM_TT\RPA_DM_TT.csproj", "{307DC630-49F9-42E2-94E0-1B91B7D7BAFA}"
EndProject
Global
	GlobalSection(SolutionConfigurationPlatforms) = preSolution
		Debug|Any CPU = Debug|Any CPU
		Release|Any CPU = Release|Any CPU
	EndGlobalSection
	GlobalSection(ProjectConfigurationPlatforms) = postSolution
		{307DC630-49F9-42E2-94E0-1B91B7D7BAFA}.Debug|Any CPU.ActiveCfg = Debug|Any CPU
		{307DC630-49F9-42E2-94E0-1B91B7D7BAFA}.Debug|Any CPU.Build.0 = Debug|Any CPU
		{307DC630-49F9-42E2-94E0-1B91B7D7BAFA}.Release|Any CPU.ActiveCfg = Release|Any CPU
		{307DC630-49F9-42E2-94E0-1B91B7D7BAFA}.Release|Any CPU.Build.0 = Release|Any CPU
	EndGlobalSection
	GlobalSection(SolutionProperties) = preSolution
		HideSolutionNode = FALSE
	EndGlobalSection
	GlobalSection(ExtensibilityGlobals) = postSolution
		SolutionGuid = {559A3D8D-4102-4EB9-A109-F5C2D549044E}
	EndGlobalSection
EndGlobal
